// !$*UTF8*$!
{
	archiveVersion = 1;
	classes = {
	};
	objectVersion = 46;
	objects = {

/* Begin PBXBuildFile section */
		576E29731D8FFF3900B5D686 /* bg.png in Resources */ = {isa = PBXBuildFile; fileRef = 576E29721D8FFF3900B5D686 /* bg.png */; };
		57823C381D8F313D009CB5D3 /* RegisterViewController.swift in Sources */ = {isa = PBXBuildFile; fileRef = 57823C371D8F313D009CB5D3 /* RegisterViewController.swift */; };
		57CDEFD01D8A21780090B390 /* AppDelegate.swift in Sources */ = {isa = PBXBuildFile; fileRef = 57CDEFCF1D8A21780090B390 /* AppDelegate.swift */; };
		57CDEFD21D8A21780090B390 /* ViewController.swift in Sources */ = {isa = PBXBuildFile; fileRef = 57CDEFD11D8A21780090B390 /* ViewController.swift */; };
		57CDEFD51D8A21780090B390 /* Main.storyboard in Resources */ = {isa = PBXBuildFile; fileRef = 57CDEFD31D8A21780090B390 /* Main.storyboard */; };
		57CDEFD71D8A21780090B390 /* Assets.xcassets in Resources */ = {isa = PBXBuildFile; fileRef = 57CDEFD61D8A21780090B390 /* Assets.xcassets */; };
		57CDEFDA1D8A21780090B390 /* LaunchScreen.storyboard in Resources */ = {isa = PBXBuildFile; fileRef = 57CDEFD81D8A21780090B390 /* LaunchScreen.storyboard */; };
		57CDEFE51D8A21790090B390 /* Shopping_TinderTests.swift in Sources */ = {isa = PBXBuildFile; fileRef = 57CDEFE41D8A21790090B390 /* Shopping_TinderTests.swift */; };
		57CDEFF01D8A21790090B390 /* Shopping_TinderUITests.swift in Sources */ = {isa = PBXBuildFile; fileRef = 57CDEFEF1D8A21790090B390 /* Shopping_TinderUITests.swift */; };
/* End PBXBuildFile section */

/* Begin PBXContainerItemProxy section */
		57CDEFE11D8A21780090B390 /* PBXContainerItemProxy */ = {
			isa = PBXContainerItemProxy;
			containerPortal = 57CDEFC41D8A21780090B390 /* Project object */;
			proxyType = 1;
			remoteGlobalIDString = 57CDEFCB1D8A21780090B390;
			remoteInfo = "Shopping Tinder";
		};
		57CDEFEC1D8A21790090B390 /* PBXContainerItemProxy */ = {
			isa = PBXContainerItemProxy;
			containerPortal = 57CDEFC41D8A21780090B390 /* Project object */;
			proxyType = 1;
			remoteGlobalIDString = 57CDEFCB1D8A21780090B390;
			remoteInfo = "Shopping Tinder";
		};
/* End PBXContainerItemProxy section */

/* Begin PBXFileReference section */
		576E29711D8FF79000B5D686 /* module.map */ = {isa = PBXFileReference; fileEncoding = 4; lastKnownFileType = "sourcecode.module-map"; path = module.map; sourceTree = "<group>"; };
		576E29721D8FFF3900B5D686 /* bg.png */ = {isa = PBXFileReference; lastKnownFileType = image.png; path = bg.png; sourceTree = "<group>"; };
		57823C371D8F313D009CB5D3 /* RegisterViewController.swift */ = {isa = PBXFileReference; fileEncoding = 4; lastKnownFileType = sourcecode.swift; path = RegisterViewController.swift; sourceTree = "<group>"; };
		57CDEFCC1D8A21780090B390 /* Shopping Tinder.app */ = {isa = PBXFileReference; explicitFileType = wrapper.application; includeInIndex = 0; path = "Shopping Tinder.app"; sourceTree = BUILT_PRODUCTS_DIR; };
		57CDEFCF1D8A21780090B390 /* AppDelegate.swift */ = {isa = PBXFileReference; lastKnownFileType = sourcecode.swift; path = AppDelegate.swift; sourceTree = "<group>"; };
		57CDEFD11D8A21780090B390 /* ViewController.swift */ = {isa = PBXFileReference; lastKnownFileType = sourcecode.swift; path = ViewController.swift; sourceTree = "<group>"; };
		57CDEFD41D8A21780090B390 /* Base */ = {isa = PBXFileReference; lastKnownFileType = file.storyboard; name = Base; path = Base.lproj/Main.storyboard; sourceTree = "<group>"; };
		57CDEFD61D8A21780090B390 /* Assets.xcassets */ = {isa = PBXFileReference; lastKnownFileType = folder.assetcatalog; path = Assets.xcassets; sourceTree = "<group>"; };
		57CDEFD91D8A21780090B390 /* Base */ = {isa = PBXFileReference; lastKnownFileType = file.storyboard; name = Base; path = Base.lproj/LaunchScreen.storyboard; sourceTree = "<group>"; };
		57CDEFDB1D8A21780090B390 /* Info.plist */ = {isa = PBXFileReference; lastKnownFileType = text.plist.xml; path = Info.plist; sourceTree = "<group>"; };
		57CDEFE01D8A21780090B390 /* Shopping TinderTests.xctest */ = {isa = PBXFileReference; explicitFileType = wrapper.cfbundle; includeInIndex = 0; path = "Shopping TinderTests.xctest"; sourceTree = BUILT_PRODUCTS_DIR; };
		57CDEFE41D8A21790090B390 /* Shopping_TinderTests.swift */ = {isa = PBXFileReference; lastKnownFileType = sourcecode.swift; path = Shopping_TinderTests.swift; sourceTree = "<group>"; };
		57CDEFE61D8A21790090B390 /* Info.plist */ = {isa = PBXFileReference; lastKnownFileType = text.plist.xml; path = Info.plist; sourceTree = "<group>"; };
		57CDEFEB1D8A21790090B390 /* Shopping TinderUITests.xctest */ = {isa = PBXFileReference; explicitFileType = wrapper.cfbundle; includeInIndex = 0; path = "Shopping TinderUITests.xctest"; sourceTree = BUILT_PRODUCTS_DIR; };
		57CDEFEF1D8A21790090B390 /* Shopping_TinderUITests.swift */ = {isa = PBXFileReference; lastKnownFileType = sourcecode.swift; path = Shopping_TinderUITests.swift; sourceTree = "<group>"; };
		57CDEFF11D8A21790090B390 /* Info.plist */ = {isa = PBXFileReference; lastKnownFileType = text.plist.xml; path = Info.plist; sourceTree = "<group>"; };
		57CDEFFD1D8A4B970090B390 /* ios_development.cer */ = {isa = PBXFileReference; lastKnownFileType = file; name = ios_development.cer; path = ../../../Downloads/ios_development.cer; sourceTree = "<group>"; };
/* End PBXFileReference section */

/* Begin PBXFrameworksBuildPhase section */
		57CDEFC91D8A21780090B390 /* Frameworks */ = {
			isa = PBXFrameworksBuildPhase;
			buildActionMask = 2147483647;
			files = (
			);
			runOnlyForDeploymentPostprocessing = 0;
		};
		57CDEFDD1D8A21780090B390 /* Frameworks */ = {
			isa = PBXFrameworksBuildPhase;
			buildActionMask = 2147483647;
			files = (
			);
			runOnlyForDeploymentPostprocessing = 0;
		};
		57CDEFE81D8A21790090B390 /* Frameworks */ = {
			isa = PBXFrameworksBuildPhase;
			buildActionMask = 2147483647;
			files = (
			);
			runOnlyForDeploymentPostprocessing = 0;
		};
/* End PBXFrameworksBuildPhase section */

/* Begin PBXGroup section */
		576E29701D8FF74700B5D686 /* CommonCrypto */ = {
			isa = PBXGroup;
			children = (
				576E29711D8FF79000B5D686 /* module.map */,
			);
			name = CommonCrypto;
			sourceTree = "<group>";
		};
		57CDEFC31D8A21780090B390 = {
			isa = PBXGroup;
			children = (
				576E29701D8FF74700B5D686 /* CommonCrypto */,
				57CDEFCE1D8A21780090B390 /* Shopping Tinder */,
				57CDEFE31D8A21780090B390 /* Shopping TinderTests */,
				57CDEFEE1D8A21790090B390 /* Shopping TinderUITests */,
				57CDEFCD1D8A21780090B390 /* Products */,
				57CDEFFD1D8A4B970090B390 /* ios_development.cer */,
			);
			sourceTree = "<group>";
		};
		57CDEFCD1D8A21780090B390 /* Products */ = {
			isa = PBXGroup;
			children = (
				57CDEFCC1D8A21780090B390 /* Shopping Tinder.app */,
				57CDEFE01D8A21780090B390 /* Shopping TinderTests.xctest */,
				57CDEFEB1D8A21790090B390 /* Shopping TinderUITests.xctest */,
			);
			name = Products;
			sourceTree = "<group>";
		};
		57CDEFCE1D8A21780090B390 /* Shopping Tinder */ = {
			isa = PBXGroup;
			children = (
				57CDEFCF1D8A21780090B390 /* AppDelegate.swift */,
				57CDEFD11D8A21780090B390 /* ViewController.swift */,
				576E29721D8FFF3900B5D686 /* bg.png */,
				57823C371D8F313D009CB5D3 /* RegisterViewController.swift */,
				57CDEFD31D8A21780090B390 /* Main.storyboard */,
				57CDEFD61D8A21780090B390 /* Assets.xcassets */,
				57CDEFD81D8A21780090B390 /* LaunchScreen.storyboard */,
				57CDEFDB1D8A21780090B390 /* Info.plist */,
			);
			path = "Shopping Tinder";
			sourceTree = "<group>";
		};
		57CDEFE31D8A21780090B390 /* Shopping TinderTests */ = {
			isa = PBXGroup;
			children = (
				57CDEFE41D8A21790090B390 /* Shopping_TinderTests.swift */,
				57CDEFE61D8A21790090B390 /* Info.plist */,
			);
			path = "Shopping TinderTests";
			sourceTree = "<group>";
		};
		57CDEFEE1D8A21790090B390 /* Shopping TinderUITests */ = {
			isa = PBXGroup;
			children = (
				57CDEFEF1D8A21790090B390 /* Shopping_TinderUITests.swift */,
				57CDEFF11D8A21790090B390 /* Info.plist */,
			);
			path = "Shopping TinderUITests";
			sourceTree = "<group>";
		};
/* End PBXGroup section */

/* Begin PBXNativeTarget section */
		57CDEFCB1D8A21780090B390 /* Shopping Tinder */ = {
			isa = PBXNativeTarget;
			buildConfigurationList = 57CDEFF41D8A21790090B390 /* Build configuration list for PBXNativeTarget "Shopping Tinder" */;
			buildPhases = (
				57CDEFC81D8A21780090B390 /* Sources */,
				57CDEFC91D8A21780090B390 /* Frameworks */,
				57CDEFCA1D8A21780090B390 /* Resources */,
			);
			buildRules = (
			);
			dependencies = (
			);
			name = "Shopping Tinder";
			productName = "Shopping Tinder";
			productReference = 57CDEFCC1D8A21780090B390 /* Shopping Tinder.app */;
			productType = "com.apple.product-type.application";
		};
		57CDEFDF1D8A21780090B390 /* Shopping TinderTests */ = {
			isa = PBXNativeTarget;
			buildConfigurationList = 57CDEFF71D8A21790090B390 /* Build configuration list for PBXNativeTarget "Shopping TinderTests" */;
			buildPhases = (
				57CDEFDC1D8A21780090B390 /* Sources */,
				57CDEFDD1D8A21780090B390 /* Frameworks */,
				57CDEFDE1D8A21780090B390 /* Resources */,
			);
			buildRules = (
			);
			dependencies = (
				57CDEFE21D8A21780090B390 /* PBXTargetDependency */,
			);
			name = "Shopping TinderTests";
			productName = "Shopping TinderTests";
			productReference = 57CDEFE01D8A21780090B390 /* Shopping TinderTests.xctest */;
			productType = "com.apple.product-type.bundle.unit-test";
		};
		57CDEFEA1D8A21790090B390 /* Shopping TinderUITests */ = {
			isa = PBXNativeTarget;
			buildConfigurationList = 57CDEFFA1D8A21790090B390 /* Build configuration list for PBXNativeTarget "Shopping TinderUITests" */;
			buildPhases = (
				57CDEFE71D8A21790090B390 /* Sources */,
				57CDEFE81D8A21790090B390 /* Frameworks */,
				57CDEFE91D8A21790090B390 /* Resources */,
			);
			buildRules = (
			);
			dependencies = (
				57CDEFED1D8A21790090B390 /* PBXTargetDependency */,
			);
			name = "Shopping TinderUITests";
			productName = "Shopping TinderUITests";
			productReference = 57CDEFEB1D8A21790090B390 /* Shopping TinderUITests.xctest */;
			productType = "com.apple.product-type.bundle.ui-testing";
		};
/* End PBXNativeTarget section */

/* Begin PBXProject section */
		57CDEFC41D8A21780090B390 /* Project object */ = {
			isa = PBXProject;
			attributes = {
				LastSwiftUpdateCheck = 0800;
				LastUpgradeCheck = 0800;
				ORGANIZATIONNAME = AsaEl;
				TargetAttributes = {
					57CDEFCB1D8A21780090B390 = {
						CreatedOnToolsVersion = 8.0;
						DevelopmentTeam = 23Y35KLQ6Y;
						ProvisioningStyle = Automatic;
					};
					57CDEFDF1D8A21780090B390 = {
						CreatedOnToolsVersion = 8.0;
						ProvisioningStyle = Automatic;
						TestTargetID = 57CDEFCB1D8A21780090B390;
					};
					57CDEFEA1D8A21790090B390 = {
						CreatedOnToolsVersion = 8.0;
						ProvisioningStyle = Automatic;
						TestTargetID = 57CDEFCB1D8A21780090B390;
					};
				};
			};
			buildConfigurationList = 57CDEFC71D8A21780090B390 /* Build configuration list for PBXProject "Shopping Tinder" */;
			compatibilityVersion = "Xcode 3.2";
			developmentRegion = English;
			hasScannedForEncodings = 0;
			knownRegions = (
				en,
				Base,
			);
			mainGroup = 57CDEFC31D8A21780090B390;
			productRefGroup = 57CDEFCD1D8A21780090B390 /* Products */;
			projectDirPath = "";
			projectRoot = "";
			targets = (
				57CDEFCB1D8A21780090B390 /* Shopping Tinder */,
				57CDEFDF1D8A21780090B390 /* Shopping TinderTests */,
				57CDEFEA1D8A21790090B390 /* Shopping TinderUITests */,
			);
		};
/* End PBXProject section */

/* Begin PBXResourcesBuildPhase section */
		57CDEFCA1D8A21780090B390 /* Resources */ = {
			isa = PBXResourcesBuildPhase;
			buildActionMask = 2147483647;
			files = (
				576E29731D8FFF3900B5D686 /* bg.png in Resources */,
				57CDEFDA1D8A21780090B390 /* LaunchScreen.storyboard in Resources */,
				57CDEFD71D8A21780090B390 /* Assets.xcassets in Resources */,
				57CDEFD51D8A21780090B390 /* Main.storyboard in Resources */,
			);
			runOnlyForDeploymentPostprocessing = 0;
		};
		57CDEFDE1D8A21780090B390 /* Resources */ = {
			isa = PBXResourcesBuildPhase;
			buildActionMask = 2147483647;
			files = (
			);
			runOnlyForDeploymentPostprocessing = 0;
		};
		57CDEFE91D8A21790090B390 /* Resources */ = {
			isa = PBXResourcesBuildPhase;
			buildActionMask = 2147483647;
			files = (
			);
			runOnlyForDeploymentPostprocessing = 0;
		};
/* End PBXResourcesBuildPhase section */

/* Begin PBXSourcesBuildPhase section */
		57CDEFC81D8A21780090B390 /* Sources */ = {
			isa = PBXSourcesBuildPhase;
			buildActionMask = 2147483647;
			files = (
				57CDEFD21D8A21780090B390 /* ViewController.swift in Sources */,
				57CDEFD01D8A21780090B390 /* AppDelegate.swift in Sources */,
				57823C381D8F313D009CB5D3 /* RegisterViewController.swift in Sources */,
			);
			runOnlyForDeploymentPostprocessing = 0;
		};
		57CDEFDC1D8A21780090B390 /* Sources */ = {
			isa = PBXSourcesBuildPhase;
			buildActionMask = 2147483647;
			files = (
				57CDEFE51D8A21790090B390 /* Shopping_TinderTests.swift in Sources */,
			);
			runOnlyForDeploymentPostprocessing = 0;
		};
		57CDEFE71D8A21790090B390 /* Sources */ = {
			isa = PBXSourcesBuildPhase;
			buildActionMask = 2147483647;
			files = (
				57CDEFF01D8A21790090B390 /* Shopping_TinderUITests.swift in Sources */,
			);
			runOnlyForDeploymentPostprocessing = 0;
		};
/* End PBXSourcesBuildPhase section */

/* Begin PBXTargetDependency section */
		57CDEFE21D8A21780090B390 /* PBXTargetDependency */ = {
			isa = PBXTargetDependency;
			target = 57CDEFCB1D8A21780090B390 /* Shopping Tinder */;
			targetProxy = 57CDEFE11D8A21780090B390 /* PBXContainerItemProxy */;
		};
		57CDEFED1D8A21790090B390 /* PBXTargetDependency */ = {
			isa = PBXTargetDependency;
			target = 57CDEFCB1D8A21780090B390 /* Shopping Tinder */;
			targetProxy = 57CDEFEC1D8A21790090B390 /* PBXContainerItemProxy */;
		};
/* End PBXTargetDependency section */

/* Begin PBXVariantGroup section */
		57CDEFD31D8A21780090B390 /* Main.storyboard */ = {
			isa = PBXVariantGroup;
			children = (
				57CDEFD41D8A21780090B390 /* Base */,
			);
			name = Main.storyboard;
			sourceTree = "<group>";
		};
		57CDEFD81D8A21780090B390 /* LaunchScreen.storyboard */ = {
			isa = PBXVariantGroup;
			children = (
				57CDEFD91D8A21780090B390 /* Base */,
			);
			name = LaunchScreen.storyboard;
			sourceTree = "<group>";
		};
/* End PBXVariantGroup section */

/* Begin XCBuildConfiguration section */
		57CDEFF21D8A21790090B390 /* Debug */ = {
			isa = XCBuildConfiguration;
			buildSettings = {
				ALWAYS_SEARCH_USER_PATHS = NO;
				CLANG_ANALYZER_NONNULL = YES;
				CLANG_CXX_LANGUAGE_STANDARD = "gnu++0x";
				CLANG_CXX_LIBRARY = "libc++";
				CLANG_ENABLE_MODULES = YES;
				CLANG_ENABLE_OBJC_ARC = YES;
				CLANG_WARN_BOOL_CONVERSION = YES;
				CLANG_WARN_CONSTANT_CONVERSION = YES;
				CLANG_WARN_DIRECT_OBJC_ISA_USAGE = YES_ERROR;
				CLANG_WARN_DOCUMENTATION_COMMENTS = YES;
				CLANG_WARN_EMPTY_BODY = YES;
				CLANG_WARN_ENUM_CONVERSION = YES;
				CLANG_WARN_INFINITE_RECURSION = YES;
				CLANG_WARN_INT_CONVERSION = YES;
				CLANG_WARN_OBJC_ROOT_CLASS = YES_ERROR;
				CLANG_WARN_SUSPICIOUS_MOVES = YES;
				CLANG_WARN_UNREACHABLE_CODE = YES;
				CLANG_WARN__DUPLICATE_METHOD_MATCH = YES;
				"CODE_SIGN_IDENTITY[sdk=iphoneos*]" = "iPhone Developer";
				COPY_PHASE_STRIP = NO;
				DEBUG_INFORMATION_FORMAT = dwarf;
				ENABLE_STRICT_OBJC_MSGSEND = YES;
				ENABLE_TESTABILITY = YES;
				GCC_C_LANGUAGE_STANDARD = gnu99;
				GCC_DYNAMIC_NO_PIC = NO;
				GCC_NO_COMMON_BLOCKS = YES;
				GCC_OPTIMIZATION_LEVEL = 0;
				GCC_PREPROCESSOR_DEFINITIONS = (
					"DEBUG=1",
					"$(inherited)",
				);
				GCC_WARN_64_TO_32_BIT_CONVERSION = YES;
				GCC_WARN_ABOUT_RETURN_TYPE = YES_ERROR;
				GCC_WARN_UNDECLARED_SELECTOR = YES;
				GCC_WARN_UNINITIALIZED_AUTOS = YES_AGGRESSIVE;
				GCC_WARN_UNUSED_FUNCTION = YES;
				GCC_WARN_UNUSED_VARIABLE = YES;
				IPHONEOS_DEPLOYMENT_TARGET = 10.0;
				MTL_ENABLE_DEBUG_INFO = YES;
				ONLY_ACTIVE_ARCH = YES;
				SDKROOT = iphoneos;
				SWIFT_ACTIVE_COMPILATION_CONDITIONS = DEBUG;
				SWIFT_INCLUDE_PATHS = "";
				"SWIFT_INCLUDE_PATHS[sdk=*]" = "";
				SWIFT_OPTIMIZATION_LEVEL = "-Onone";
				TARGETED_DEVICE_FAMILY = "1,2";
			};
			name = Debug;
		};
		57CDEFF31D8A21790090B390 /* Release */ = {
			isa = XCBuildConfiguration;
			buildSettings = {
				ALWAYS_SEARCH_USER_PATHS = NO;
				CLANG_ANALYZER_NONNULL = YES;
				CLANG_CXX_LANGUAGE_STANDARD = "gnu++0x";
				CLANG_CXX_LIBRARY = "libc++";
				CLANG_ENABLE_MODULES = YES;
				CLANG_ENABLE_OBJC_ARC = YES;
				CLANG_WARN_BOOL_CONVERSION = YES;
				CLANG_WARN_CONSTANT_CONVERSION = YES;
				CLANG_WARN_DIRECT_OBJC_ISA_USAGE = YES_ERROR;
				CLANG_WARN_DOCUMENTATION_COMMENTS = YES;
				CLANG_WARN_EMPTY_BODY = YES;
				CLANG_WARN_ENUM_CONVERSION = YES;
				CLANG_WARN_INFINITE_RECURSION = YES;
				CLANG_WARN_INT_CONVERSION = YES;
				CLANG_WARN_OBJC_ROOT_CLASS = YES_ERROR;
				CLANG_WARN_SUSPICIOUS_MOVES = YES;
				CLANG_WARN_UNREACHABLE_CODE = YES;
				CLANG_WARN__DUPLICATE_METHOD_MATCH = YES;
				"CODE_SIGN_IDENTITY[sdk=iphoneos*]" = "iPhone Developer";
				COPY_PHASE_STRIP = NO;
				DEBUG_INFORMATION_FORMAT = "dwarf-with-dsym";
				ENABLE_NS_ASSERTIONS = NO;
				ENABLE_STRICT_OBJC_MSGSEND = YES;
				GCC_C_LANGUAGE_STANDARD = gnu99;
				GCC_NO_COMMON_BLOCKS = YES;
				GCC_WARN_64_TO_32_BIT_CONVERSION = YES;
				GCC_WARN_ABOUT_RETURN_TYPE = YES_ERROR;
				GCC_WARN_UNDECLARED_SELECTOR = YES;
				GCC_WARN_UNINITIALIZED_AUTOS = YES_AGGRESSIVE;
				GCC_WARN_UNUSED_FUNCTION = YES;
				GCC_WARN_UNUSED_VARIABLE = YES;
				IPHONEOS_DEPLOYMENT_TARGET = 10.0;
				MTL_ENABLE_DEBUG_INFO = NO;
				SDKROOT = iphoneos;
				SWIFT_INCLUDE_PATHS = "";
				"SWIFT_INCLUDE_PATHS[arch=*]" = "";
				SWIFT_OPTIMIZATION_LEVEL = "-Owholemodule";
				TARGETED_DEVICE_FAMILY = "1,2";
				VALIDATE_PRODUCT = YES;
			};
			name = Release;
		};
		57CDEFF51D8A21790090B390 /* Debug */ = {
			isa = XCBuildConfiguration;
			buildSettings = {
				ASSETCATALOG_COMPILER_APPICON_NAME = AppIcon;
				"CODE_SIGN_ENTITLEMENTS[sdk=*]" = "";
				CODE_SIGN_IDENTITY = "iPhone Developer";
				DEVELOPMENT_TEAM = 23Y35KLQ6Y;
				INFOPLIST_FILE = "Shopping Tinder/Info.plist";
				IPHONEOS_DEPLOYMENT_TARGET = 10.0;
				LD_RUNPATH_SEARCH_PATHS = "$(inherited) @executable_path/Frameworks";
				PRODUCT_BUNDLE_IDENTIFIER = "com.asael.Shopping-Tinder";
				PRODUCT_NAME = "$(TARGET_NAME)";
				PROVISIONING_PROFILE = "";
				SWIFT_INCLUDE_PATHS = "";
				SWIFT_VERSION = 3.0;
				TARGETED_DEVICE_FAMILY = 1;
			};
			name = Debug;
		};
		57CDEFF61D8A21790090B390 /* Release */ = {
			isa = XCBuildConfiguration;
			buildSettings = {
				ASSETCATALOG_COMPILER_APPICON_NAME = AppIcon;
				CODE_SIGN_IDENTITY = "iPhone Developer";
				DEVELOPMENT_TEAM = 23Y35KLQ6Y;
				INFOPLIST_FILE = "Shopping Tinder/Info.plist";
				IPHONEOS_DEPLOYMENT_TARGET = 10.0;
				LD_RUNPATH_SEARCH_PATHS = "$(inherited) @executable_path/Frameworks";
				PRODUCT_BUNDLE_IDENTIFIER = "com.asael.Shopping-Tinder";
				PRODUCT_NAME = "$(TARGET_NAME)";
				PROVISIONING_PROFILE = "";
				SWIFT_INCLUDE_PATHS = "";
				SWIFT_VERSION = 3.0;
				TARGETED_DEVICE_FAMILY = 1;
			};
			name = Release;
		};
		57CDEFF81D8A21790090B390 /* Debug */ = {
			isa = XCBuildConfiguration;
			buildSettings = {
				ALWAYS_EMBED_SWIFT_STANDARD_LIBRARIES = YES;
				BUNDLE_LOADER = "$(TEST_HOST)";
				INFOPLIST_FILE = "Shopping TinderTests/Info.plist";
				LD_RUNPATH_SEARCH_PATHS = "$(inherited) @executable_path/Frameworks @loader_path/Frameworks";
				PRODUCT_BUNDLE_IDENTIFIER = "com.asael.Shopping-TinderTests";
				PRODUCT_NAME = "$(TARGET_NAME)";
				SWIFT_VERSION = 3.0;
				TEST_HOST = "$(BUILT_PRODUCTS_DIR)/Shopping Tinder.app/Shopping Tinder";
			};
			name = Debug;
		};
		57CDEFF91D8A21790090B390 /* Release */ = {
			isa = XCBuildConfiguration;
			buildSettings = {
				ALWAYS_EMBED_SWIFT_STANDARD_LIBRARIES = YES;
				BUNDLE_LOADER = "$(TEST_HOST)";
				INFOPLIST_FILE = "Shopping TinderTests/Info.plist";
				LD_RUNPATH_SEARCH_PATHS = "$(inherited) @executable_path/Frameworks @loader_path/Frameworks";
				PRODUCT_BUNDLE_IDENTIFIER = "com.asael.Shopping-TinderTests";
				PRODUCT_NAME = "$(TARGET_NAME)";
				SWIFT_VERSION = 3.0;
				TEST_HOST = "$(BUILT_PRODUCTS_DIR)/Shopping Tinder.app/Shopping Tinder";
			};
			name = Release;
		};
		57CDEFFB1D8A21790090B390 /* Debug */ = {
			isa = XCBuildConfiguration;
			buildSettings = {
				ALWAYS_EMBED_SWIFT_STANDARD_LIBRARIES = YES;
				INFOPLIST_FILE = "Shopping TinderUITests/Info.plist";
				LD_RUNPATH_SEARCH_PATHS = "$(inherited) @executable_path/Frameworks @loader_path/Frameworks";
				PRODUCT_BUNDLE_IDENTIFIER = "com.asael.Shopping-TinderUITests";
				PRODUCT_NAME = "$(TARGET_NAME)";
				SWIFT_VERSION = 3.0;
				TEST_TARGET_NAME = "Shopping Tinder";
			};
			name = Debug;
		};
		57CDEFFC1D8A21790090B390 /* Release */ = {
			isa = XCBuildConfiguration;
			buildSettings = {
				ALWAYS_EMBED_SWIFT_STANDARD_LIBRARIES = YES;
				INFOPLIST_FILE = "Shopping TinderUITests/Info.plist";
				LD_RUNPATH_SEARCH_PATHS = "$(inherited) @executable_path/Frameworks @loader_path/Frameworks";
				PRODUCT_BUNDLE_IDENTIFIER = "com.asael.Shopping-TinderUITests";
				PRODUCT_NAME = "$(TARGET_NAME)";
				SWIFT_VERSION = 3.0;
				TEST_TARGET_NAME = "Shopping Tinder";
			};
			name = Release;
		};
/* End XCBuildConfiguration section */

/* Begin XCConfigurationList section */
		57CDEFC71D8A21780090B390 /* Build configuration list for PBXProject "Shopping Tinder" */ = {
			isa = XCConfigurationList;
			buildConfigurations = (
				57CDEFF21D8A21790090B390 /* Debug */,
				57CDEFF31D8A21790090B390 /* Release */,
			);
			defaultConfigurationIsVisible = 0;
			defaultConfigurationName = Debug;
		};
		57CDEFF41D8A21790090B390 /* Build configuration list for PBXNativeTarget "Shopping Tinder" */ = {
			isa = XCConfigurationList;
			buildConfigurations = (
				57CDEFF51D8A21790090B390 /* Debug */,
				57CDEFF61D8A21790090B390 /* Release */,
			);
			defaultConfigurationIsVisible = 0;
			defaultConfigurationName = Debug;
		};
		57CDEFF71D8A21790090B390 /* Build configuration list for PBXNativeTarget "Shopping TinderTests" */ = {
			isa = XCConfigurationList;
			buildConfigurations = (
				57CDEFF81D8A21790090B390 /* Debug */,
				57CDEFF91D8A21790090B390 /* Release */,
			);
			defaultConfigurationIsVisible = 0;
			defaultConfigurationName = Debug;
		};
		57CDEFFA1D8A21790090B390 /* Build configuration list for PBXNativeTarget "Shopping TinderUITests" */ = {
			isa = XCConfigurationList;
			buildConfigurations = (
				57CDEFFB1D8A21790090B390 /* Debug */,
				57CDEFFC1D8A21790090B390 /* Release */,
			);
			defaultConfigurationIsVisible = 0;
			defaultConfigurationName = Debug;
		};
/* End XCConfigurationList section */
	};
	rootObject = 57CDEFC41D8A21780090B390 /* Project object */;
}
